<?xml version="1.0" encoding="utf-8"?>
<Project ToolsVersion="4.0" xmlns="http://schemas.microsoft.com/developer/msbuild/2003">
  <ItemGroup>
    <Filter Include="Resource Files">
      <UniqueIdentifier>{67DA6AB6-F800-4c08-8B7A-83BB121AAD01}</UniqueIdentifier>
      <Extensions>rc;ico;cur;bmp;dlg;rc2;rct;bin;rgs;gif;jpg;jpeg;jpe;resx;tiff;tif;png;wav;mfcribbon-ms</Extensions>
    </Filter>
    <Filter Include="third_party">
      <UniqueIdentifier>{8a291803-13c9-4dbb-a9ba-fbea0c9b2d20}</UniqueIdentifier>
    </Filter>
    <Filter Include="third_party\npapi-sdk">
      <UniqueIdentifier>{3d99ca99-f8d0-497f-95a6-29f9a9d4f508}</UniqueIdentifier>
    </Filter>
    <Filter Include="src">
      <UniqueIdentifier>{a5877e47-c321-4116-83b0-1451c39bc545}</UniqueIdentifier>
    </Filter>
    <Filter Include="third_party\sixense">
      <UniqueIdentifier>{e2f83ba0-e49e-4e79-9a14-fb373ef4ab30}</UniqueIdentifier>
    </Filter>
    <Filter Include="third_party\sixense\include">
      <UniqueIdentifier>{ab8f2ed7-52e1-4fe4-b467-f3da7effb577}</UniqueIdentifier>
    </Filter>
    <Filter Include="src\npvr">
      <UniqueIdentifier>{ecfd75d3-ad79-4bf5-aaf8-c44da53db65f}</UniqueIdentifier>
    </Filter>
  </ItemGroup>
  <ItemGroup>
    <ClInclude Include="..\third_party\npapi-sdk\npapi.h">
      <Filter>third_party\npapi-sdk</Filter>
    </ClInclude>
    <ClInclude Include="..\third_party\npapi-sdk\npfunctions.h">
      <Filter>third_party\npapi-sdk</Filter>
    </ClInclude>
    <ClInclude Include="..\third_party\npapi-sdk\nptypes.h">
      <Filter>third_party\npapi-sdk</Filter>
    </ClInclude>
    <ClInclude Include="..\third_party\npapi-sdk\npruntime.h">
      <Filter>third_party\npapi-sdk</Filter>
    </ClInclude>
    <ClInclude Include="resource.h">
      <Filter>Resource Files</Filter>
    </ClInclude>
    <ClInclude Include="..\third_party\sixense\include\sixense.h">
      <Filter>third_party\sixense\include</Filter>
    </ClInclude>
    <ClInclude Include="np_object_base.h">
      <Filter>src</Filter>
    </ClInclude>
    <ClInclude Include="npvr.h">
      <Filter>src</Filter>
    </ClInclude>
    <ClInclude Include="npvr\plugin.h">
      <Filter>src\npvr</Filter>
    </ClInclude>
    <ClInclude Include="npvr\vr_object.h">
      <Filter>src\npvr</Filter>
    </ClInclude>
  </ItemGroup>
  <ItemGroup>
    <ResourceCompile Include="npvr.rc">
      <Filter>Resource Files</Filter>
    </ResourceCompile>
  </ItemGroup>
  <ItemGroup>
    <None Include="npvr.def">
      <Filter>Resource Files</Filter>
    </None>
    <None Include="..\test\test.html" />
  </ItemGroup>
  <ItemGroup>
    <ClCompile Include="np_entry.cpp">
      <Filter>src</Filter>
    </ClCompile>
    <ClCompile Include="npn_gate.cpp">
      <Filter>src</Filter>
    </ClCompile>
    <ClCompile Include="npp_gate.cpp">
      <Filter>src</Filter>
    </ClCompile>
    <ClCompile Include="main_win.cpp">
      <Filter>src</Filter>
    </ClCompile>
    <ClCompile Include="np_object_base.cpp">
      <Filter>src</Filter>
    </ClCompile>
    <ClCompile Include="npvr\plugin.cpp">
      <Filter>src\npvr</Filter>
    </ClCompile>
    <ClCompile Include="npvr\vr_object.cpp">
      <Filter>src\npvr</Filter>
    </ClCompile>
  </ItemGroup>
</Project>